{
  "name": "vuex-mutation-creator",
  "version": "1.1.6",
  "lockfileVersion": 1,
  "requires": true,
  "dependencies": {
    "typescript": {
      "version": "3.9.0-dev.20200319",
      "resolved": "https://registry.npmjs.org/typescript/-/typescript-3.9.0-dev.20200319.tgz",
      "integrity": "sha512-t8BiBTDOeiN8BMSCLXFNNfEeMjm33JrLMGBtqq5NvY95KDxkDJiP2TsW4FnyRQicNpCJ8o9cQ3clrr0NtfYvJg==",
      "dev": true
    },
    "vuex": {
      "version": "3.1.3",
      "resolved": "https://registry.npmjs.org/vuex/-/vuex-3.1.3.tgz",
      "integrity": "sha512-k8vZqNMSNMgKelVZAPYw5MNb2xWSmVgCKtYKAptvm9YtZiOXnRXFWu//Y9zQNORTrm3dNj1n/WaZZI26tIX6Mw=="
    }
  }
}
